
Microsoft Visual Studio Solution File, Format Version 12.00
# Visual Studio 2012
Project("{8BC9CEB8-8B4A-11D0-8D11-00A0C91BC942}") = "C++Tank", "C++Tank\C++Tank.vcxproj", "{3FF473EB-D838-45A2-903A-8A85C65229F6}"
EndProject
Global
	GlobalSection(SolutionConfigurationPlatforms) = preSolution
		Debug|Win32 = Debug|Win32
		Release|Win32 = Release|Win32
	EndGlobalSection
	GlobalSection(ProjectConfigurationPlatforms) = postSolution
		{3FF473EB-D838-45A2-903A-8A85C65229F6}.Debug|Win32.ActiveCfg = Debug|Win32
		{3FF473EB-D838-45A2-903A-8A85C65229F6}.Debug|Win32.Build.0 = Debug|Win32
		{3FF473EB-D838-45A2-903A-8A85C65229F6}.Release|Win32.ActiveCfg = Release|Win32
		{3FF473EB-D838-45A2-903A-8A85C65229F6}.Release|Win32.Build.0 = Release|Win32
	EndGlobalSection
	GlobalSection(SolutionProperties) = preSolution
		HideSolutionNode = FALSE
	EndGlobalSection
EndGlobal
